// !$*UTF8*$!
{
	archiveVersion = 1;
	classes = {
	};
	objectVersion = 46;
	objects = {

/* Begin PBXBuildFile section */
		79FA4CF51CC9216500FFA870 /* AppDelegate.swift in Sources */ = {isa = PBXBuildFile; fileRef = 79FA4CF41CC9216500FFA870 /* AppDelegate.swift */; };
		79FA4CF71CC9216500FFA870 /* ViewController.swift in Sources */ = {isa = PBXBuildFile; fileRef = 79FA4CF61CC9216500FFA870 /* ViewController.swift */; };
		79FA4CFA1CC9216500FFA870 /* Main.storyboard in Resources */ = {isa = PBXBuildFile; fileRef = 79FA4CF81CC9216500FFA870 /* Main.storyboard */; };
		79FA4CFC1CC9216500FFA870 /* Assets.xcassets in Resources */ = {isa = PBXBuildFile; fileRef = 79FA4CFB1CC9216500FFA870 /* Assets.xcassets */; };
		79FA4CFF1CC9216500FFA870 /* LaunchScreen.storyboard in Resources */ = {isa = PBXBuildFile; fileRef = 79FA4CFD1CC9216500FFA870 /* LaunchScreen.storyboard */; };
/* End PBXBuildFile section */

/* Begin PBXFileReference section */
		79FA4CF11CC9216500FFA870 /* GitHub DEMO.app */ = {isa = PBXFileReference; explicitFileType = wrapper.application; includeInIndex = 0; path = "GitHub DEMO.app"; sourceTree = BUILT_PRODUCTS_DIR; };
		79FA4CF41CC9216500FFA870 /* AppDelegate.swift */ = {isa = PBXFileReference; lastKnownFileType = sourcecode.swift; path = AppDelegate.swift; sourceTree = "<group>"; };
		79FA4CF61CC9216500FFA870 /* ViewController.swift */ = {isa = PBXFileReference; lastKnownFileType = sourcecode.swift; path = ViewController.swift; sourceTree = "<group>"; };
		79FA4CF91CC9216500FFA870 /* Base */ = {isa = PBXFileReference; lastKnownFileType = file.storyboard; name = Base; path = Base.lproj/Main.storyboard; sourceTree = "<group>"; };
		79FA4CFB1CC9216500FFA870 /* Assets.xcassets */ = {isa = PBXFileReference; lastKnownFileType = folder.assetcatalog; path = Assets.xcassets; sourceTree = "<group>"; };
		79FA4CFE1CC9216500FFA870 /* Base */ = {isa = PBXFileReference; lastKnownFileType = file.storyboard; name = Base; path = Base.lproj/LaunchScreen.storyboard; sourceTree = "<group>"; };
		79FA4D001CC9216500FFA870 /* Info.plist */ = {isa = PBXFileReference; lastKnownFileType = text.plist.xml; path = Info.plist; sourceTree = "<group>"; };
/* End PBXFileReference section */

/* Begin PBXFrameworksBuildPhase section */
		79FA4CEE1CC9216500FFA870 /* Frameworks */ = {
			isa = PBXFrameworksBuildPhase;
			buildActionMask = 2147483647;
			files = (
			);
			runOnlyForDeploymentPostprocessing = 0;
		};
/* End PBXFrameworksBuildPhase section */

/* Begin PBXGroup section */
		79FA4CE81CC9216500FFA870 = {
			isa = PBXGroup;
			children = (
				79FA4CF31CC9216500FFA870 /* GitHub DEMO */,
				79FA4CF21CC9216500FFA870 /* Products */,
			);
			sourceTree = "<group>";
		};
		79FA4CF21CC9216500FFA870 /* Products */ = {
			isa = PBXGroup;
			children = (
				79FA4CF11CC9216500FFA870 /* GitHub DEMO.app */,
			);
			name = Products;
			sourceTree = "<group>";
		};
		79FA4CF31CC9216500FFA870 /* GitHub DEMO */ = {
			isa = PBXGroup;
			children = (
				79FA4CF41CC9216500FFA870 /* AppDelegate.swift */,
				79FA4CF61CC9216500FFA870 /* ViewController.swift */,
				79FA4CF81CC9216500FFA870 /* Main.storyboard */,
				79FA4CFB1CC9216500FFA870 /* Assets.xcassets */,
				79FA4CFD1CC9216500FFA870 /* LaunchScreen.storyboard */,
				79FA4D001CC9216500FFA870 /* Info.plist */,
			);
			path = "GitHub DEMO";
			sourceTree = "<group>";
		};
/* End PBXGroup section */

/* Begin PBXNativeTarget section */
		79FA4CF01CC9216500FFA870 /* GitHub DEMO */ = {
			isa = PBXNativeTarget;
			buildConfigurationList = 79FA4D031CC9216500FFA870 /* Build configuration list for PBXNativeTarget "GitHub DEMO" */;
			buildPhases = (
				79FA4CED1CC9216500FFA870 /* Sources */,
				79FA4CEE1CC9216500FFA870 /* Frameworks */,
				79FA4CEF1CC9216500FFA870 /* Resources */,
			);
			buildRules = (
			);
			dependencies = (
			);
			name = "GitHub DEMO";
			productName = "GitHub DEMO";
			productReference = 79FA4CF11CC9216500FFA870 /* GitHub DEMO.app */;
			productType = "com.apple.product-type.application";
		};
/* End PBXNativeTarget section */

/* Begin PBXProject section */
		79FA4CE91CC9216500FFA870 /* Project object */ = {
			isa = PBXProject;
			attributes = {
				LastSwiftUpdateCheck = 0720;
				LastUpgradeCheck = 0720;
				ORGANIZATIONNAME = SHP;
				TargetAttributes = {
					79FA4CF01CC9216500FFA870 = {
						CreatedOnToolsVersion = 7.2;
						DevelopmentTeam = 9PD8YAUQ55;
					};
				};
			};
			buildConfigurationList = 79FA4CEC1CC9216500FFA870 /* Build configuration list for PBXProject "GitHub DEMO" */;
			compatibilityVersion = "Xcode 3.2";
			developmentRegion = English;
			hasScannedForEncodings = 0;
			knownRegions = (
				en,
				Base,
			);
			mainGroup = 79FA4CE81CC9216500FFA870;
			productRefGroup = 79FA4CF21CC9216500FFA870 /* Products */;
			projectDirPath = "";
			projectRoot = "";
			targets = (
				79FA4CF01CC9216500FFA870 /* GitHub DEMO */,
			);
		};
/* End PBXProject section */

/* Begin PBXResourcesBuildPhase section */
		79FA4CEF1CC9216500FFA870 /* Resources */ = {
			isa = PBXResourcesBuildPhase;
			buildActionMask = 2147483647;
			files = (
				79FA4CFF1CC9216500FFA870 /* LaunchScreen.storyboard in Resources */,
				79FA4CFC1CC9216500FFA870 /* Assets.xcassets in Resources */,
				79FA4CFA1CC9216500FFA870 /* Main.storyboard in Resources */,
			);
			runOnlyForDeploymentPostprocessing = 0;
		};
/* End PBXResourcesBuildPhase section */

/* Begin PBXSourcesBuildPhase section */
		79FA4CED1CC9216500FFA870 /* Sources */ = {
			isa = PBXSourcesBuildPhase;
			buildActionMask = 2147483647;
			files = (
				79FA4CF71CC9216500FFA870 /* ViewController.swift in Sources */,
				79FA4CF51CC9216500FFA870 /* AppDelegate.swift in Sources */,
			);
			runOnlyForDeploymentPostprocessing = 0;
		};
/* End PBXSourcesBuildPhase section */

/* Begin PBXVariantGroup section */
		79FA4CF81CC9216500FFA870 /* Main.storyboard */ = {
			isa = PBXVariantGroup;
			children = (
				79FA4CF91CC9216500FFA870 /* Base */,
			);
			name = Main.storyboard;
			sourceTree = "<group>";
		};
		79FA4CFD1CC9216500FFA870 /* LaunchScreen.storyboard */ = {
			isa = PBXVariantGroup;
			children = (
				79FA4CFE1CC9216500FFA870 /* Base */,
			);
			name = LaunchScreen.storyboard;
			sourceTree = "<group>";
		};
/* End PBXVariantGroup section */

/* Begin XCBuildConfiguration section */
		79FA4D011CC9216500FFA870 /* Debug */ = {
			isa = XCBuildConfiguration;
			buildSettings = {
				ALWAYS_SEARCH_USER_PATHS = NO;
				CLANG_CXX_LANGUAGE_STANDARD = "gnu++0x";
				CLANG_CXX_LIBRARY = "libc++";
				CLANG_ENABLE_MODULES = YES;
				CLANG_ENABLE_OBJC_ARC = YES;
				CLANG_WARN_BOOL_CONVERSION = YES;
				CLANG_WARN_CONSTANT_CONVERSION = YES;
				CLANG_WARN_DIRECT_OBJC_ISA_USAGE = YES_ERROR;
				CLANG_WARN_EMPTY_BODY = YES;
				CLANG_WARN_ENUM_CONVERSION = YES;
				CLANG_WARN_INT_CONVERSION = YES;
				CLANG_WARN_OBJC_ROOT_CLASS = YES_ERROR;
				CLANG_WARN_UNREACHABLE_CODE = YES;
				CLANG_WARN__DUPLICATE_METHOD_MATCH = YES;
				"CODE_SIGN_IDENTITY[sdk=iphoneos*]" = "iPhone Developer";
				COPY_PHASE_STRIP = NO;
				DEBUG_INFORMATION_FORMAT = dwarf;
				ENABLE_STRICT_OBJC_MSGSEND = YES;
				ENABLE_TESTABILITY = YES;
				GCC_C_LANGUAGE_STANDARD = gnu99;
				GCC_DYNAMIC_NO_PIC = NO;
				GCC_NO_COMMON_BLOCKS = YES;
				GCC_OPTIMIZATION_LEVEL = 0;
				GCC_PREPROCESSOR_DEFINITIONS = (
					"DEBUG=1",
					"$(inherited)",
				);
				GCC_WARN_64_TO_32_BIT_CONVERSION = YES;
				GCC_WARN_ABOUT_RETURN_TYPE = YES_ERROR;
				GCC_WARN_UNDECLARED_SELECTOR = YES;
				GCC_WARN_UNINITIALIZED_AUTOS = YES_AGGRESSIVE;
				GCC_WARN_UNUSED_FUNCTION = YES;
				GCC_WARN_UNUSED_VARIABLE = YES;
				IPHONEOS_DEPLOYMENT_TARGET = 9.2;
				MTL_ENABLE_DEBUG_INFO = YES;
				ONLY_ACTIVE_ARCH = YES;
				SDKROOT = iphoneos;
				SWIFT_OPTIMIZATION_LEVEL = "-Onone";
			};
			name = Debug;
		};
		79FA4D021CC9216500FFA870 /* Release */ = {
			isa = XCBuildConfiguration;
			buildSettings = {
				ALWAYS_SEARCH_USER_PATHS = NO;
				CLANG_CXX_LANGUAGE_STANDARD = "gnu++0x";
				CLANG_CXX_LIBRARY = "libc++";
				CLANG_ENABLE_MODULES = YES;
				CLANG_ENABLE_OBJC_ARC = YES;
				CLANG_WARN_BOOL_CONVERSION = YES;
				CLANG_WARN_CONSTANT_CONVERSION = YES;
				CLANG_WARN_DIRECT_OBJC_ISA_USAGE = YES_ERROR;
				CLANG_WARN_EMPTY_BODY = YES;
				CLANG_WARN_ENUM_CONVERSION = YES;
				CLANG_WARN_INT_CONVERSION = YES;
				CLANG_WARN_OBJC_ROOT_CLASS = YES_ERROR;
				CLANG_WARN_UNREACHABLE_CODE = YES;
				CLANG_WARN__DUPLICATE_METHOD_MATCH = YES;
				"CODE_SIGN_IDENTITY[sdk=iphoneos*]" = "iPhone Developer";
				COPY_PHASE_STRIP = NO;
				DEBUG_INFORMATION_FORMAT = "dwarf-with-dsym";
				ENABLE_NS_ASSERTIONS = NO;
				ENABLE_STRICT_OBJC_MSGSEND = YES;
				GCC_C_LANGUAGE_STANDARD = gnu99;
				GCC_NO_COMMON_BLOCKS = YES;
				GCC_WARN_64_TO_32_BIT_CONVERSION = YES;
				GCC_WARN_ABOUT_RETURN_TYPE = YES_ERROR;
				GCC_WARN_UNDECLARED_SELECTOR = YES;
				GCC_WARN_UNINITIALIZED_AUTOS = YES_AGGRESSIVE;
				GCC_WARN_UNUSED_FUNCTION = YES;
				GCC_WARN_UNUSED_VARIABLE = YES;
				IPHONEOS_DEPLOYMENT_TARGET = 9.2;
				MTL_ENABLE_DEBUG_INFO = NO;
				SDKROOT = iphoneos;
				VALIDATE_PRODUCT = YES;
			};
			name = Release;
		};
		79FA4D041CC9216500FFA870 /* Debug */ = {
			isa = XCBuildConfiguration;
			buildSettings = {
				ASSETCATALOG_COMPILER_APPICON_NAME = AppIcon;
				INFOPLIST_FILE = "GitHub DEMO/Info.plist";
				LD_RUNPATH_SEARCH_PATHS = "$(inherited) @executable_path/Frameworks";
				PRODUCT_BUNDLE_IDENTIFIER = "PHS.GitHub-DEMO";
				PRODUCT_NAME = "$(TARGET_NAME)";
			};
			name = Debug;
		};
		79FA4D051CC9216500FFA870 /* Release */ = {
			isa = XCBuildConfiguration;
			buildSettings = {
				ASSETCATALOG_COMPILER_APPICON_NAME = AppIcon;
				INFOPLIST_FILE = "GitHub DEMO/Info.plist";
				LD_RUNPATH_SEARCH_PATHS = "$(inherited) @executable_path/Frameworks";
				PRODUCT_BUNDLE_IDENTIFIER = "PHS.GitHub-DEMO";
				PRODUCT_NAME = "$(TARGET_NAME)";
			};
			name = Release;
		};
/* End XCBuildConfiguration section */

/* Begin XCConfigurationList section */
		79FA4CEC1CC9216500FFA870 /* Build configuration list for PBXProject "GitHub DEMO" */ = {
			isa = XCConfigurationList;
			buildConfigurations = (
				79FA4D011CC9216500FFA870 /* Debug */,
				79FA4D021CC9216500FFA870 /* Release */,
			);
			defaultConfigurationIsVisible = 0;
			defaultConfigurationName = Release;
		};
		79FA4D031CC9216500FFA870 /* Build configuration list for PBXNativeTarget "GitHub DEMO" */ = {
			isa = XCConfigurationList;
			buildConfigurations = (
				79FA4D041CC9216500FFA870 /* Debug */,
				79FA4D051CC9216500FFA870 /* Release */,
			);
			defaultConfigurationIsVisible = 0;
		};
/* End XCConfigurationList section */
	};
	rootObject = 79FA4CE91CC9216500FFA870 /* Project object */;
}
